
Microsoft Visual Studio Solution File, Format Version 12.00
# Visual Studio 15
VisualStudioVersion = 15.0.27130.2027
MinimumVisualStudioVersion = 10.0.40219.1
Project("{FAE04EC0-301F-11D3-BF4B-00C04F79EFBC}") = "Ping", "Ping\Ping.csproj", "{777EEE93-BF6E-4DCB-8B10-6958B0BB9926}"
EndProject
Project("{FAE04EC0-301F-11D3-BF4B-00C04F79EFBC}") = "PingHeaders", "PingHeaders\PingHeaders.csproj", "{ADB73267-043C-429E-85D2-E98E55219DA9}"
EndProject
Project("{FAE04EC0-301F-11D3-BF4B-00C04F79EFBC}") = "Utils", "Utils\Utils.csproj", "{67B30D01-ECC8-4073-B247-C07043FCC454}"
EndProject
Global
	GlobalSection(SolutionConfigurationPlatforms) = preSolution
		Debug|Any CPU = Debug|Any CPU
		Release|Any CPU = Release|Any CPU
	EndGlobalSection
	GlobalSection(ProjectConfigurationPlatforms) = postSolution
		{777EEE93-BF6E-4DCB-8B10-6958B0BB9926}.Debug|Any CPU.ActiveCfg = Debug|Any CPU
		{777EEE93-BF6E-4DCB-8B10-6958B0BB9926}.Debug|Any CPU.Build.0 = Debug|Any CPU
		{777EEE93-BF6E-4DCB-8B10-6958B0BB9926}.Release|Any CPU.ActiveCfg = Release|Any CPU
		{777EEE93-BF6E-4DCB-8B10-6958B0BB9926}.Release|Any CPU.Build.0 = Release|Any CPU
		{ADB73267-043C-429E-85D2-E98E55219DA9}.Debug|Any CPU.ActiveCfg = Debug|Any CPU
		{ADB73267-043C-429E-85D2-E98E55219DA9}.Debug|Any CPU.Build.0 = Debug|Any CPU
		{ADB73267-043C-429E-85D2-E98E55219DA9}.Release|Any CPU.ActiveCfg = Release|Any CPU
		{ADB73267-043C-429E-85D2-E98E55219DA9}.Release|Any CPU.Build.0 = Release|Any CPU
		{67B30D01-ECC8-4073-B247-C07043FCC454}.Debug|Any CPU.ActiveCfg = Debug|Any CPU
		{67B30D01-ECC8-4073-B247-C07043FCC454}.Debug|Any CPU.Build.0 = Debug|Any CPU
		{67B30D01-ECC8-4073-B247-C07043FCC454}.Release|Any CPU.ActiveCfg = Release|Any CPU
		{67B30D01-ECC8-4073-B247-C07043FCC454}.Release|Any CPU.Build.0 = Release|Any CPU
	EndGlobalSection
	GlobalSection(SolutionProperties) = preSolution
		HideSolutionNode = FALSE
	EndGlobalSection
	GlobalSection(ExtensibilityGlobals) = postSolution
		SolutionGuid = {44D93DB9-86D4-43BB-8A1D-9E799C7D9B05}
	EndGlobalSection
EndGlobal
